// !$*UTF8*$!
{
	archiveVersion = 1;
	classes = {
	};
	objectVersion = 77;
	objects = {

/* Begin PBXBuildFile section */
		DE276C162E42C66900392987 /* Alamofire in Frameworks */ = {isa = PBXBuildFile; productRef = DE276C152E42C66900392987 /* Alamofire */; };
		DE2C62702E4C1AC800E1EA9B /* RealmSwift in Frameworks */ = {isa = PBXBuildFile; productRef = DE2C626F2E4C1AC800E1EA9B /* RealmSwift */; };
		DE2C62702E4D185B00BF5C7B /* SkeletonView in Frameworks */ = {isa = PBXBuildFile; productRef = DEA183B42E4D185B00BF5C7B /* SkeletonView */; };
		DEA183B22E4D185B00BF5C7B /* SDWebImage in Frameworks */ = {isa = PBXBuildFile; productRef = DEA183B12E4D185B00BF5C7B /* SDWebImage */; };
		DECB337E2E72448D00C08EF1 /* PryntTrimmerView in Frameworks */ = {isa = PBXBuildFile; productRef = DECB337D2E72448D00C08EF1 /* PryntTrimmerView */; };
		DEEBCA492E58D9AC00857FDB /* GoogleSignIn in Frameworks */ = {isa = PBXBuildFile; productRef = DEEBCA482E58D9AC00857FDB /* GoogleSignIn */; };
		DEEBCA4A2E58E48900857FDB /* RealmSwift in Embed Frameworks */ = {isa = PBXBuildFile; productRef = DE2C626F2E4C1AC800E1EA9B /* RealmSwift */; settings = {ATTRIBUTES = (CodeSignOnCopy, ); }; };
/* End PBXBuildFile section */

/* Begin PBXContainerItemProxy section */
		DE276BEA2E4287CF00392987 /* PBXContainerItemProxy */ = {
			isa = PBXContainerItemProxy;
			containerPortal = DE276BCB2E4287CC00392987 /* Project object */;
			proxyType = 1;
			remoteGlobalIDString = DE276BD22E4287CC00392987;
			remoteInfo = ai_project;
		};
		DE276BF42E4287CF00392987 /* PBXContainerItemProxy */ = {
			isa = PBXContainerItemProxy;
			containerPortal = DE276BCB2E4287CC00392987 /* Project object */;
			proxyType = 1;
			remoteGlobalIDString = DE276BD22E4287CC00392987;
			remoteInfo = ai_project;
		};
/* End PBXContainerItemProxy section */

/* Begin PBXCopyFilesBuildPhase section */
		DE276C1A2E42C67200392987 /* Embed Frameworks */ = {
			isa = PBXCopyFilesBuildPhase;
			buildActionMask = 2147483647;
			dstPath = "";
			dstSubfolderSpec = 10;
			files = (
				DEEBCA4A2E58E48900857FDB /* RealmSwift in Embed Frameworks */,
			);
			name = "Embed Frameworks";
			runOnlyForDeploymentPostprocessing = 0;
		};
/* End PBXCopyFilesBuildPhase section */

/* Begin PBXFileReference section */
		DE276BD32E4287CC00392987 /* ai_project.app */ = {isa = PBXFileReference; explicitFileType = wrapper.application; includeInIndex = 0; path = ai_project.app; sourceTree = BUILT_PRODUCTS_DIR; };
		DE276BE92E4287CF00392987 /* ai_projectTests.xctest */ = {isa = PBXFileReference; explicitFileType = wrapper.cfbundle; includeInIndex = 0; path = ai_projectTests.xctest; sourceTree = BUILT_PRODUCTS_DIR; };
		DE276BF32E4287CF00392987 /* ai_projectUITests.xctest */ = {isa = PBXFileReference; explicitFileType = wrapper.cfbundle; includeInIndex = 0; path = ai_projectUITests.xctest; sourceTree = BUILT_PRODUCTS_DIR; };
/* End PBXFileReference section */

/* Begin PBXFileSystemSynchronizedBuildFileExceptionSet section */
		DE276BFB2E4287CF00392987 /* Exceptions for "ai_project" folder in "ai_project" target */ = {
			isa = PBXFileSystemSynchronizedBuildFileExceptionSet;
			membershipExceptions = (
				Info.plist,
			);
			target = DE276BD22E4287CC00392987 /* ai_project */;
		};
/* End PBXFileSystemSynchronizedBuildFileExceptionSet section */

/* Begin PBXFileSystemSynchronizedRootGroup section */
		DE276BD52E4287CC00392987 /* ai_project */ = {
			isa = PBXFileSystemSynchronizedRootGroup;
			exceptions = (
				DE276BFB2E4287CF00392987 /* Exceptions for "ai_project" folder in "ai_project" target */,
			);
			path = ai_project;
			sourceTree = "<group>";
		};
		DE276BEC2E4287CF00392987 /* ai_projectTests */ = {
			isa = PBXFileSystemSynchronizedRootGroup;
			path = ai_projectTests;
			sourceTree = "<group>";
		};
		DE276BF62E4287CF00392987 /* ai_projectUITests */ = {
			isa = PBXFileSystemSynchronizedRootGroup;
			path = ai_projectUITests;
			sourceTree = "<group>";
		};
/* End PBXFileSystemSynchronizedRootGroup section */

/* Begin PBXFrameworksBuildPhase section */
		DE276BD02E4287CC00392987 /* Frameworks */ = {
			isa = PBXFrameworksBuildPhase;
			buildActionMask = 2147483647;
			files = (
				DEEBCA492E58D9AC00857FDB /* GoogleSignIn in Frameworks */,
				DEA183B22E4D185B00BF5C7B /* SDWebImage in Frameworks */,
				DE2C62702E4D185B00BF5C7B /* SkeletonView in Frameworks */,
				DE2C62702E4C1AC800E1EA9B /* RealmSwift in Frameworks */,
				DECB337E2E72448D00C08EF1 /* PryntTrimmerView in Frameworks */,
				DE276C162E42C66900392987 /* Alamofire in Frameworks */,
			);
			runOnlyForDeploymentPostprocessing = 0;
		};
		DE276BE62E4287CF00392987 /* Frameworks */ = {
			isa = PBXFrameworksBuildPhase;
			buildActionMask = 2147483647;
			files = (
			);
			runOnlyForDeploymentPostprocessing = 0;
		};
		DE276BF02E4287CF00392987 /* Frameworks */ = {
			isa = PBXFrameworksBuildPhase;
			buildActionMask = 2147483647;
			files = (
			);
			runOnlyForDeploymentPostprocessing = 0;
		};
/* End PBXFrameworksBuildPhase section */

/* Begin PBXGroup section */
		DE276BCA2E4287CC00392987 = {
			isa = PBXGroup;
			children = (
				DE276BD52E4287CC00392987 /* ai_project */,
				DE276BEC2E4287CF00392987 /* ai_projectTests */,
				DE276BF62E4287CF00392987 /* ai_projectUITests */,
				DE276C142E42C66900392987 /* Frameworks */,
				DE276BD42E4287CC00392987 /* Products */,
			);
			sourceTree = "<group>";
		};
		DE276BD42E4287CC00392987 /* Products */ = {
			isa = PBXGroup;
			children = (
				DE276BD32E4287CC00392987 /* ai_project.app */,
				DE276BE92E4287CF00392987 /* ai_projectTests.xctest */,
				DE276BF32E4287CF00392987 /* ai_projectUITests.xctest */,
			);
			name = Products;
			sourceTree = "<group>";
		};
		DE276C142E42C66900392987 /* Frameworks */ = {
			isa = PBXGroup;
			children = (
			);
			name = Frameworks;
			sourceTree = "<group>";
		};
/* End PBXGroup section */

/* Begin PBXNativeTarget section */
		DE276BD22E4287CC00392987 /* ai_project */ = {
			isa = PBXNativeTarget;
			buildConfigurationList = DE276BFC2E4287CF00392987 /* Build configuration list for PBXNativeTarget "ai_project" */;
			buildPhases = (
				DE276BCF2E4287CC00392987 /* Sources */,
				DE276BD02E4287CC00392987 /* Frameworks */,
				DE276BD12E4287CC00392987 /* Resources */,
				DE276C1A2E42C67200392987 /* Embed Frameworks */,
			);
			buildRules = (
			);
			dependencies = (
			);
			fileSystemSynchronizedGroups = (
				DE276BD52E4287CC00392987 /* ai_project */,
			);
			name = ai_project;
			packageProductDependencies = (
				DE276C152E42C66900392987 /* Alamofire */,
				DE2C626F2E4C1AC800E1EA9B /* RealmSwift */,
				DEA183B12E4D185B00BF5C7B /* SDWebImage */,
				DEEBCA482E58D9AC00857FDB /* GoogleSignIn */,
				DECB337D2E72448D00C08EF1 /* PryntTrimmerView */,
			);
			productName = ai_project;
			productReference = DE276BD32E4287CC00392987 /* ai_project.app */;
			productType = "com.apple.product-type.application";
		};
		DE276BE82E4287CF00392987 /* ai_projectTests */ = {
			isa = PBXNativeTarget;
			buildConfigurationList = DE276C012E4287CF00392987 /* Build configuration list for PBXNativeTarget "ai_projectTests" */;
			buildPhases = (
				DE276BE52E4287CF00392987 /* Sources */,
				DE276BE62E4287CF00392987 /* Frameworks */,
				DE276BE72E4287CF00392987 /* Resources */,
			);
			buildRules = (
			);
			dependencies = (
				DE276BEB2E4287CF00392987 /* PBXTargetDependency */,
			);
			fileSystemSynchronizedGroups = (
				DE276BEC2E4287CF00392987 /* ai_projectTests */,
			);
			name = ai_projectTests;
			packageProductDependencies = (
			);
			productName = ai_projectTests;
			productReference = DE276BE92E4287CF00392987 /* ai_projectTests.xctest */;
			productType = "com.apple.product-type.bundle.unit-test";
		};
		DE276BF22E4287CF00392987 /* ai_projectUITests */ = {
			isa = PBXNativeTarget;
			buildConfigurationList = DE276C042E4287CF00392987 /* Build configuration list for PBXNativeTarget "ai_projectUITests" */;
			buildPhases = (
				DE276BEF2E4287CF00392987 /* Sources */,
				DE276BF02E4287CF00392987 /* Frameworks */,
				DE276BF12E4287CF00392987 /* Resources */,
			);
			buildRules = (
			);
			dependencies = (
				DE276BF52E4287CF00392987 /* PBXTargetDependency */,
			);
			fileSystemSynchronizedGroups = (
				DE276BF62E4287CF00392987 /* ai_projectUITests */,
			);
			name = ai_projectUITests;
			packageProductDependencies = (
			);
			productName = ai_projectUITests;
			productReference = DE276BF32E4287CF00392987 /* ai_projectUITests.xctest */;
			productType = "com.apple.product-type.bundle.ui-testing";
		};
/* End PBXNativeTarget section */

/* Begin PBXProject section */
		DE276BCB2E4287CC00392987 /* Project object */ = {
			isa = PBXProject;
			attributes = {
				BuildIndependentTargetsInParallel = 1;
				LastSwiftUpdateCheck = 1640;
				LastUpgradeCheck = 1640;
				TargetAttributes = {
					DE276BD22E4287CC00392987 = {
						CreatedOnToolsVersion = 16.4;
					};
					DE276BE82E4287CF00392987 = {
						CreatedOnToolsVersion = 16.4;
						TestTargetID = DE276BD22E4287CC00392987;
					};
					DE276BF22E4287CF00392987 = {
						CreatedOnToolsVersion = 16.4;
						TestTargetID = DE276BD22E4287CC00392987;
					};
				};
			};
			buildConfigurationList = DE276BCE2E4287CC00392987 /* Build configuration list for PBXProject "ai_project" */;
			developmentRegion = en;
			hasScannedForEncodings = 0;
			knownRegions = (
				en,
				Base,
			);
			mainGroup = DE276BCA2E4287CC00392987;
			minimizedProjectReferenceProxies = 1;
			packageReferences = (
				DE276C082E42B7AD00392987 /* XCRemoteSwiftPackageReference "Alamofire" */,
				DE2C626E2E4C1AC800E1EA9B /* XCRemoteSwiftPackageReference "realm-swift" */,
				DEA183B02E4D185B00BF5C7B /* XCRemoteSwiftPackageReference "SDWebImage" */,
				DEA183B32E4D185B00BF5C7B /* XCRemoteSwiftPackageReference "SkeletonView" */,
				DEEBCA472E58D9AC00857FDB /* XCRemoteSwiftPackageReference "GoogleSignIn-iOS" */,
				DECB32A32E72429400C08EF1 /* XCRemoteSwiftPackageReference "PryntTrimmerView" */,
			);
			preferredProjectObjectVersion = 77;
			productRefGroup = DE276BD42E4287CC00392987 /* Products */;
			projectDirPath = "";
			projectRoot = "";
			targets = (
				DE276BD22E4287CC00392987 /* ai_project */,
				DE276BE82E4287CF00392987 /* ai_projectTests */,
				DE276BF22E4287CF00392987 /* ai_projectUITests */,
			);
		};
/* End PBXProject section */

/* Begin PBXResourcesBuildPhase section */
		DE276BD12E4287CC00392987 /* Resources */ = {
			isa = PBXResourcesBuildPhase;
			buildActionMask = 2147483647;
			files = (
			);
			runOnlyForDeploymentPostprocessing = 0;
		};
		DE276BE72E4287CF00392987 /* Resources */ = {
			isa = PBXResourcesBuildPhase;
			buildActionMask = 2147483647;
			files = (
			);
			runOnlyForDeploymentPostprocessing = 0;
		};
		DE276BF12E4287CF00392987 /* Resources */ = {
			isa = PBXResourcesBuildPhase;
			buildActionMask = 2147483647;
			files = (
			);
			runOnlyForDeploymentPostprocessing = 0;
		};
/* End PBXResourcesBuildPhase section */

/* Begin PBXSourcesBuildPhase section */
		DE276BCF2E4287CC00392987 /* Sources */ = {
			isa = PBXSourcesBuildPhase;
			buildActionMask = 2147483647;
			files = (
			);
			runOnlyForDeploymentPostprocessing = 0;
		};
		DE276BE52E4287CF00392987 /* Sources */ = {
			isa = PBXSourcesBuildPhase;
			buildActionMask = 2147483647;
			files = (
			);
			runOnlyForDeploymentPostprocessing = 0;
		};
		DE276BEF2E4287CF00392987 /* Sources */ = {
			isa = PBXSourcesBuildPhase;
			buildActionMask = 2147483647;
			files = (
			);
			runOnlyForDeploymentPostprocessing = 0;
		};
/* End PBXSourcesBuildPhase section */

/* Begin PBXTargetDependency section */
		DE276BEB2E4287CF00392987 /* PBXTargetDependency */ = {
			isa = PBXTargetDependency;
			target = DE276BD22E4287CC00392987 /* ai_project */;
			targetProxy = DE276BEA2E4287CF00392987 /* PBXContainerItemProxy */;
		};
		DE276BF52E4287CF00392987 /* PBXTargetDependency */ = {
			isa = PBXTargetDependency;
			target = DE276BD22E4287CC00392987 /* ai_project */;
			targetProxy = DE276BF42E4287CF00392987 /* PBXContainerItemProxy */;
		};
/* End PBXTargetDependency section */

/* Begin XCBuildConfiguration section */
		DE276BFD2E4287CF00392987 /* Debug */ = {
			isa = XCBuildConfiguration;
			buildSettings = {
				ASSETCATALOG_COMPILER_APPICON_NAME = AppIcon;
				ASSETCATALOG_COMPILER_GLOBAL_ACCENT_COLOR_NAME = AccentColor;
				CODE_SIGN_ENTITLEMENTS = ai_project/ai_project.entitlements;
				CODE_SIGN_STYLE = Automatic;
				CURRENT_PROJECT_VERSION = 1;
				DEVELOPMENT_TEAM = HN3CBVDN9U;
				GENERATE_INFOPLIST_FILE = YES;
				INFOPLIST_FILE = ai_project/Info.plist;
				INFOPLIST_KEY_UIApplicationSupportsIndirectInputEvents = YES;
				INFOPLIST_KEY_UILaunchStoryboardName = LaunchScreen;
				INFOPLIST_KEY_UISupportedInterfaceOrientations = UIInterfaceOrientationPortrait;
				IPHONEOS_DEPLOYMENT_TARGET = 16.6;
				LD_RUNPATH_SEARCH_PATHS = (
					"$(inherited)",
					"@executable_path/Frameworks",
				);
				MARKETING_VERSION = 1.0;
				PRODUCT_BUNDLE_IDENTIFIER = "BeeMoo.ai-project";
				PRODUCT_NAME = "$(TARGET_NAME)";
				SWIFT_EMIT_LOC_STRINGS = YES;
				SWIFT_VERSION = 5.0;
				TARGETED_DEVICE_FAMILY = "1,2";
			};
			name = Debug;
		};
		DE276BFE2E4287CF00392987 /* Release */ = {
			isa = XCBuildConfiguration;
			buildSettings = {
				ASSETCATALOG_COMPILER_APPICON_NAME = AppIcon;
				ASSETCATALOG_COMPILER_GLOBAL_ACCENT_COLOR_NAME = AccentColor;
				CODE_SIGN_ENTITLEMENTS = ai_project/ai_project.entitlements;
				CODE_SIGN_STYLE = Automatic;
				CURRENT_PROJECT_VERSION = 1;
				DEVELOPMENT_TEAM = HN3CBVDN9U;
				GENERATE_INFOPLIST_FILE = YES;
				INFOPLIST_FILE = ai_project/Info.plist;
				INFOPLIST_KEY_UIApplicationSupportsIndirectInputEvents = YES;
				INFOPLIST_KEY_UILaunchStoryboardName = LaunchScreen;
				INFOPLIST_KEY_UISupportedInterfaceOrientations = UIInterfaceOrientationPortrait;
				IPHONEOS_DEPLOYMENT_TARGET = 16.6;
				LD_RUNPATH_SEARCH_PATHS = (
					"$(inherited)",
					"@executable_path/Frameworks",
				);
				MARKETING_VERSION = 1.0;
				PRODUCT_BUNDLE_IDENTIFIER = "BeeMoo.ai-project";
				PRODUCT_NAME = "$(TARGET_NAME)";
				SWIFT_EMIT_LOC_STRINGS = YES;
				SWIFT_VERSION = 5.0;
				TARGETED_DEVICE_FAMILY = "1,2";
			};
			name = Release;
		};
		DE276BFF2E4287CF00392987 /* Debug */ = {
			isa = XCBuildConfiguration;
			buildSettings = {
				ALWAYS_SEARCH_USER_PATHS = NO;
				ASSETCATALOG_COMPILER_GENERATE_SWIFT_ASSET_SYMBOL_EXTENSIONS = YES;
				CLANG_ANALYZER_NONNULL = YES;
				CLANG_ANALYZER_NUMBER_OBJECT_CONVERSION = YES_AGGRESSIVE;
				CLANG_CXX_LANGUAGE_STANDARD = "gnu++20";
				CLANG_ENABLE_MODULES = YES;
				CLANG_ENABLE_OBJC_ARC = YES;
				CLANG_ENABLE_OBJC_WEAK = YES;
				CLANG_WARN_BLOCK_CAPTURE_AUTORELEASING = YES;
				CLANG_WARN_BOOL_CONVERSION = YES;
				CLANG_WARN_COMMA = YES;
				CLANG_WARN_CONSTANT_CONVERSION = YES;
				CLANG_WARN_DEPRECATED_OBJC_IMPLEMENTATIONS = YES;
				CLANG_WARN_DIRECT_OBJC_ISA_USAGE = YES_ERROR;
				CLANG_WARN_DOCUMENTATION_COMMENTS = YES;
				CLANG_WARN_EMPTY_BODY = YES;
				CLANG_WARN_ENUM_CONVERSION = YES;
				CLANG_WARN_INFINITE_RECURSION = YES;
				CLANG_WARN_INT_CONVERSION = YES;
				CLANG_WARN_NON_LITERAL_NULL_CONVERSION = YES;
				CLANG_WARN_OBJC_IMPLICIT_RETAIN_SELF = YES;
				CLANG_WARN_OBJC_LITERAL_CONVERSION = YES;
				CLANG_WARN_OBJC_ROOT_CLASS = YES_ERROR;
				CLANG_WARN_QUOTED_INCLUDE_IN_FRAMEWORK_HEADER = YES;
				CLANG_WARN_RANGE_LOOP_ANALYSIS = YES;
				CLANG_WARN_STRICT_PROTOTYPES = YES;
				CLANG_WARN_SUSPICIOUS_MOVE = YES;
				CLANG_WARN_UNGUARDED_AVAILABILITY = YES_AGGRESSIVE;
				CLANG_WARN_UNREACHABLE_CODE = YES;
				CLANG_WARN__DUPLICATE_METHOD_MATCH = YES;
				COPY_PHASE_STRIP = NO;
				DEBUG_INFORMATION_FORMAT = dwarf;
				ENABLE_STRICT_OBJC_MSGSEND = YES;
				ENABLE_TESTABILITY = YES;
				ENABLE_USER_SCRIPT_SANDBOXING = YES;
				GCC_C_LANGUAGE_STANDARD = gnu17;
				GCC_DYNAMIC_NO_PIC = NO;
				GCC_NO_COMMON_BLOCKS = YES;
				GCC_OPTIMIZATION_LEVEL = 0;
				GCC_PREPROCESSOR_DEFINITIONS = (
					"DEBUG=1",
					"$(inherited)",
				);
				GCC_WARN_64_TO_32_BIT_CONVERSION = YES;
				GCC_WARN_ABOUT_RETURN_TYPE = YES_ERROR;
				GCC_WARN_UNDECLARED_SELECTOR = YES;
				GCC_WARN_UNINITIALIZED_AUTOS = YES_AGGRESSIVE;
				GCC_WARN_UNUSED_FUNCTION = YES;
				GCC_WARN_UNUSED_VARIABLE = YES;
				IPHONEOS_DEPLOYMENT_TARGET = 18.5;
				LOCALIZATION_PREFERS_STRING_CATALOGS = YES;
				MTL_ENABLE_DEBUG_INFO = INCLUDE_SOURCE;
				MTL_FAST_MATH = YES;
				ONLY_ACTIVE_ARCH = YES;
				SDKROOT = iphoneos;
				SWIFT_ACTIVE_COMPILATION_CONDITIONS = "DEBUG $(inherited)";
				SWIFT_OPTIMIZATION_LEVEL = "-Onone";
			};
			name = Debug;
		};
		DE276C002E4287CF00392987 /* Release */ = {
			isa = XCBuildConfiguration;
			buildSettings = {
				ALWAYS_SEARCH_USER_PATHS = NO;
				ASSETCATALOG_COMPILER_GENERATE_SWIFT_ASSET_SYMBOL_EXTENSIONS = YES;
				CLANG_ANALYZER_NONNULL = YES;
				CLANG_ANALYZER_NUMBER_OBJECT_CONVERSION = YES_AGGRESSIVE;
				CLANG_CXX_LANGUAGE_STANDARD = "gnu++20";
				CLANG_ENABLE_MODULES = YES;
				CLANG_ENABLE_OBJC_ARC = YES;
				CLANG_ENABLE_OBJC_WEAK = YES;
				CLANG_WARN_BLOCK_CAPTURE_AUTORELEASING = YES;
				CLANG_WARN_BOOL_CONVERSION = YES;
				CLANG_WARN_COMMA = YES;
				CLANG_WARN_CONSTANT_CONVERSION = YES;
				CLANG_WARN_DEPRECATED_OBJC_IMPLEMENTATIONS = YES;
				CLANG_WARN_DIRECT_OBJC_ISA_USAGE = YES_ERROR;
				CLANG_WARN_DOCUMENTATION_COMMENTS = YES;
				CLANG_WARN_EMPTY_BODY = YES;
				CLANG_WARN_ENUM_CONVERSION = YES;
				CLANG_WARN_INFINITE_RECURSION = YES;
				CLANG_WARN_INT_CONVERSION = YES;
				CLANG_WARN_NON_LITERAL_NULL_CONVERSION = YES;
				CLANG_WARN_OBJC_IMPLICIT_RETAIN_SELF = YES;
				CLANG_WARN_OBJC_LITERAL_CONVERSION = YES;
				CLANG_WARN_OBJC_ROOT_CLASS = YES_ERROR;
				CLANG_WARN_QUOTED_INCLUDE_IN_FRAMEWORK_HEADER = YES;
				CLANG_WARN_RANGE_LOOP_ANALYSIS = YES;
				CLANG_WARN_STRICT_PROTOTYPES = YES;
				CLANG_WARN_SUSPICIOUS_MOVE = YES;
				CLANG_WARN_UNGUARDED_AVAILABILITY = YES_AGGRESSIVE;
				CLANG_WARN_UNREACHABLE_CODE = YES;
				CLANG_WARN__DUPLICATE_METHOD_MATCH = YES;
				COPY_PHASE_STRIP = NO;
				DEBUG_INFORMATION_FORMAT = "dwarf-with-dsym";
				ENABLE_NS_ASSERTIONS = NO;
				ENABLE_STRICT_OBJC_MSGSEND = YES;
				ENABLE_USER_SCRIPT_SANDBOXING = YES;
				GCC_C_LANGUAGE_STANDARD = gnu17;
				GCC_NO_COMMON_BLOCKS = YES;
				GCC_WARN_64_TO_32_BIT_CONVERSION = YES;
				GCC_WARN_ABOUT_RETURN_TYPE = YES_ERROR;
				GCC_WARN_UNDECLARED_SELECTOR = YES;
				GCC_WARN_UNINITIALIZED_AUTOS = YES_AGGRESSIVE;
				GCC_WARN_UNUSED_FUNCTION = YES;
				GCC_WARN_UNUSED_VARIABLE = YES;
				IPHONEOS_DEPLOYMENT_TARGET = 18.5;
				LOCALIZATION_PREFERS_STRING_CATALOGS = YES;
				MTL_ENABLE_DEBUG_INFO = NO;
				MTL_FAST_MATH = YES;
				SDKROOT = iphoneos;
				SWIFT_COMPILATION_MODE = wholemodule;
				VALIDATE_PRODUCT = YES;
			};
			name = Release;
		};
		DE276C022E4287CF00392987 /* Debug */ = {
			isa = XCBuildConfiguration;
			buildSettings = {
				BUNDLE_LOADER = "$(TEST_HOST)";
				CODE_SIGN_STYLE = Automatic;
				CURRENT_PROJECT_VERSION = 1;
				GENERATE_INFOPLIST_FILE = YES;
				IPHONEOS_DEPLOYMENT_TARGET = 18.5;
				MARKETING_VERSION = 1.0;
				PRODUCT_BUNDLE_IDENTIFIER = "BeeMoo.ai-projectTests";
				PRODUCT_NAME = "$(TARGET_NAME)";
				SWIFT_EMIT_LOC_STRINGS = NO;
				SWIFT_VERSION = 5.0;
				TARGETED_DEVICE_FAMILY = "1,2";
				TEST_HOST = "$(BUILT_PRODUCTS_DIR)/ai_project.app/$(BUNDLE_EXECUTABLE_FOLDER_PATH)/ai_project";
			};
			name = Debug;
		};
		DE276C032E4287CF00392987 /* Release */ = {
			isa = XCBuildConfiguration;
			buildSettings = {
				BUNDLE_LOADER = "$(TEST_HOST)";
				CODE_SIGN_STYLE = Automatic;
				CURRENT_PROJECT_VERSION = 1;
				GENERATE_INFOPLIST_FILE = YES;
				IPHONEOS_DEPLOYMENT_TARGET = 18.5;
				MARKETING_VERSION = 1.0;
				PRODUCT_BUNDLE_IDENTIFIER = "BeeMoo.ai-projectTests";
				PRODUCT_NAME = "$(TARGET_NAME)";
				SWIFT_EMIT_LOC_STRINGS = NO;
				SWIFT_VERSION = 5.0;
				TARGETED_DEVICE_FAMILY = "1,2";
				TEST_HOST = "$(BUILT_PRODUCTS_DIR)/ai_project.app/$(BUNDLE_EXECUTABLE_FOLDER_PATH)/ai_project";
			};
			name = Release;
		};
		DE276C052E4287CF00392987 /* Debug */ = {
			isa = XCBuildConfiguration;
			buildSettings = {
				CODE_SIGN_STYLE = Automatic;
				CURRENT_PROJECT_VERSION = 1;
				GENERATE_INFOPLIST_FILE = YES;
				MARKETING_VERSION = 1.0;
				PRODUCT_BUNDLE_IDENTIFIER = "BeeMoo.ai-projectUITests";
				PRODUCT_NAME = "$(TARGET_NAME)";
				SWIFT_EMIT_LOC_STRINGS = NO;
				SWIFT_VERSION = 5.0;
				TARGETED_DEVICE_FAMILY = "1,2";
				TEST_TARGET_NAME = ai_project;
			};
			name = Debug;
		};
		DE276C062E4287CF00392987 /* Release */ = {
			isa = XCBuildConfiguration;
			buildSettings = {
				CODE_SIGN_STYLE = Automatic;
				CURRENT_PROJECT_VERSION = 1;
				GENERATE_INFOPLIST_FILE = YES;
				MARKETING_VERSION = 1.0;
				PRODUCT_BUNDLE_IDENTIFIER = "BeeMoo.ai-projectUITests";
				PRODUCT_NAME = "$(TARGET_NAME)";
				SWIFT_EMIT_LOC_STRINGS = NO;
				SWIFT_VERSION = 5.0;
				TARGETED_DEVICE_FAMILY = "1,2";
				TEST_TARGET_NAME = ai_project;
			};
			name = Release;
		};
/* End XCBuildConfiguration section */

/* Begin XCConfigurationList section */
		DE276BCE2E4287CC00392987 /* Build configuration list for PBXProject "ai_project" */ = {
			isa = XCConfigurationList;
			buildConfigurations = (
				DE276BFF2E4287CF00392987 /* Debug */,
				DE276C002E4287CF00392987 /* Release */,
			);
			defaultConfigurationIsVisible = 0;
			defaultConfigurationName = Release;
		};
		DE276BFC2E4287CF00392987 /* Build configuration list for PBXNativeTarget "ai_project" */ = {
			isa = XCConfigurationList;
			buildConfigurations = (
				DE276BFD2E4287CF00392987 /* Debug */,
				DE276BFE2E4287CF00392987 /* Release */,
			);
			defaultConfigurationIsVisible = 0;
			defaultConfigurationName = Release;
		};
		DE276C012E4287CF00392987 /* Build configuration list for PBXNativeTarget "ai_projectTests" */ = {
			isa = XCConfigurationList;
			buildConfigurations = (
				DE276C022E4287CF00392987 /* Debug */,
				DE276C032E4287CF00392987 /* Release */,
			);
			defaultConfigurationIsVisible = 0;
			defaultConfigurationName = Release;
		};
		DE276C042E4287CF00392987 /* Build configuration list for PBXNativeTarget "ai_projectUITests" */ = {
			isa = XCConfigurationList;
			buildConfigurations = (
				DE276C052E4287CF00392987 /* Debug */,
				DE276C062E4287CF00392987 /* Release */,
			);
			defaultConfigurationIsVisible = 0;
			defaultConfigurationName = Release;
		};
/* End XCConfigurationList section */

/* Begin XCRemoteSwiftPackageReference section */
		DE276C082E42B7AD00392987 /* XCRemoteSwiftPackageReference "Alamofire" */ = {
			isa = XCRemoteSwiftPackageReference;
			repositoryURL = "https://github.com/Alamofire/Alamofire.git";
			requirement = {
				kind = upToNextMajorVersion;
				minimumVersion = 5.10.2;
			};
		};
		DE2C626E2E4C1AC800E1EA9B /* XCRemoteSwiftPackageReference "realm-swift" */ = {
			isa = XCRemoteSwiftPackageReference;
			repositoryURL = "https://github.com/realm/realm-swift";
			requirement = {
				branch = master;
				kind = branch;
			};
		};
		DEA183B02E4D185B00BF5C7B /* XCRemoteSwiftPackageReference "SDWebImage" */ = {
			isa = XCRemoteSwiftPackageReference;
			repositoryURL = "https://github.com/SDWebImage/SDWebImage.git";
			requirement = {
				kind = upToNextMajorVersion;
				minimumVersion = 5.21.1;
			};
		};
		DEA183B32E4D185B00BF5C7B /* XCRemoteSwiftPackageReference "SkeletonView" */ = {
			isa = XCRemoteSwiftPackageReference;
			repositoryURL = "https://github.com/Juanpe/SkeletonView.git";
			requirement = {
				kind = upToNextMajorVersion;
				minimumVersion = 1.30.0;
			};
		};
		DECB32A32E72429400C08EF1 /* XCRemoteSwiftPackageReference "PryntTrimmerView" */ = {
			isa = XCRemoteSwiftPackageReference;
			repositoryURL = "https://github.com/HHK1/PryntTrimmerView.git";
			requirement = {
				kind = upToNextMajorVersion;
				minimumVersion = 4.0.2;
			};
		};
		DEEBCA472E58D9AC00857FDB /* XCRemoteSwiftPackageReference "GoogleSignIn-iOS" */ = {
			isa = XCRemoteSwiftPackageReference;
			repositoryURL = "https://github.com/google/GoogleSignIn-iOS";
			requirement = {
				kind = upToNextMajorVersion;
				minimumVersion = 9.0.0;
			};
		};
/* End XCRemoteSwiftPackageReference section */

/* Begin XCSwiftPackageProductDependency section */
		DE276C152E42C66900392987 /* Alamofire */ = {
			isa = XCSwiftPackageProductDependency;
			package = DE276C082E42B7AD00392987 /* XCRemoteSwiftPackageReference "Alamofire" */;
			productName = Alamofire;
		};
		DE2C626F2E4C1AC800E1EA9B /* RealmSwift */ = {
			isa = XCSwiftPackageProductDependency;
			package = DE2C626E2E4C1AC800E1EA9B /* XCRemoteSwiftPackageReference "realm-swift" */;
			productName = RealmSwift;
		};
		DEA183B12E4D185B00BF5C7B /* SDWebImage */ = {
			isa = XCSwiftPackageProductDependency;
			package = DEA183B02E4D185B00BF5C7B /* XCRemoteSwiftPackageReference "SDWebImage" */;
			productName = SDWebImage;
		};
		DEA183B42E4D185B00BF5C7B /* SkeletonView */ = {
			isa = XCSwiftPackageProductDependency;
			package = DEA183B32E4D185B00BF5C7B /* XCRemoteSwiftPackageReference "SkeletonView" */;
			productName = SkeletonView;
		};
		DECB337D2E72448D00C08EF1 /* PryntTrimmerView */ = {
			isa = XCSwiftPackageProductDependency;
			package = DECB32A32E72429400C08EF1 /* XCRemoteSwiftPackageReference "PryntTrimmerView" */;
			productName = PryntTrimmerView;
		};
		DEEBCA482E58D9AC00857FDB /* GoogleSignIn */ = {
			isa = XCSwiftPackageProductDependency;
			package = DEEBCA472E58D9AC00857FDB /* XCRemoteSwiftPackageReference "GoogleSignIn-iOS" */;
			productName = GoogleSignIn;
		};
/* End XCSwiftPackageProductDependency section */
	};
	rootObject = DE276BCB2E4287CC00392987 /* Project object */;
}
